
Microsoft Visual Studio Solution File, Format Version 12.00
# Visual Studio 14
VisualStudioVersion = 14.0.25420.1
MinimumVisualStudioVersion = 10.0.40219.1
Project("{FAE04EC0-301F-11D3-BF4B-00C04F79EFBC}") = "hsa-dotnet-backend", "hsa-dotnet-backend\hsa-dotnet-backend.csproj", "{322DFE78-A8A6-49F9-A1A3-F49FF2B0A5B4}"
EndProject
Project("{FAE04EC0-301F-11D3-BF4B-00C04F79EFBC}") = "hsa-dotnet-backend.Tests", "hsa-dotnet-backend.Tests\hsa-dotnet-backend.Tests.csproj", "{89937122-C197-447C-BC32-F4B244FFFD5B}"
EndProject
Global
	GlobalSection(SolutionConfigurationPlatforms) = preSolution
		Debug|Any CPU = Debug|Any CPU
		Release|Any CPU = Release|Any CPU
	EndGlobalSection
	GlobalSection(ProjectConfigurationPlatforms) = postSolution
		{322DFE78-A8A6-49F9-A1A3-F49FF2B0A5B4}.Debug|Any CPU.ActiveCfg = Debug|Any CPU
		{322DFE78-A8A6-49F9-A1A3-F49FF2B0A5B4}.Debug|Any CPU.Build.0 = Debug|Any CPU
		{322DFE78-A8A6-49F9-A1A3-F49FF2B0A5B4}.Release|Any CPU.ActiveCfg = Release|Any CPU
		{322DFE78-A8A6-49F9-A1A3-F49FF2B0A5B4}.Release|Any CPU.Build.0 = Release|Any CPU
		{89937122-C197-447C-BC32-F4B244FFFD5B}.Debug|Any CPU.ActiveCfg = Debug|Any CPU
		{89937122-C197-447C-BC32-F4B244FFFD5B}.Debug|Any CPU.Build.0 = Debug|Any CPU
		{89937122-C197-447C-BC32-F4B244FFFD5B}.Release|Any CPU.ActiveCfg = Release|Any CPU
		{89937122-C197-447C-BC32-F4B244FFFD5B}.Release|Any CPU.Build.0 = Release|Any CPU
	EndGlobalSection
	GlobalSection(SolutionProperties) = preSolution
		HideSolutionNode = FALSE
	EndGlobalSection
EndGlobal
